
Microsoft Visual Studio Solution File, Format Version 12.00
# Visual Studio Version 16
VisualStudioVersion = 25.0.1704.2
MinimumVisualStudioVersion = 10.0.40219.1
Project("{FAE04EC0-301F-11D3-BF4B-00C04F79EFBC}") = "Playground", "Playground\Playground.csproj", "{E3AB104F-1B50-470C-A255-4F74CA5B6E17}"
EndProject
Global
	GlobalSection(SolutionConfigurationPlatforms) = preSolution
		Debug|Any CPU = Debug|Any CPU
		Release|Any CPU = Release|Any CPU
	EndGlobalSection
	GlobalSection(ProjectConfigurationPlatforms) = postSolution
		{E3AB104F-1B50-470C-A255-4F74CA5B6E17}.Debug|Any CPU.ActiveCfg = Debug|Any CPU
		{E3AB104F-1B50-470C-A255-4F74CA5B6E17}.Debug|Any CPU.Build.0 = Debug|Any CPU
		{E3AB104F-1B50-470C-A255-4F74CA5B6E17}.Release|Any CPU.ActiveCfg = Release|Any CPU
		{E3AB104F-1B50-470C-A255-4F74CA5B6E17}.Release|Any CPU.Build.0 = Release|Any CPU
	EndGlobalSection
	GlobalSection(SolutionProperties) = preSolution
		HideSolutionNode = FALSE
	EndGlobalSection
	GlobalSection(ExtensibilityGlobals) = postSolution
		SolutionGuid = {C8549315-69D6-4D8B-8104-881440DC3B05}
	EndGlobalSection
EndGlobal
